// !$*UTF8*$!
{
	archiveVersion = 1;
	classes = {
	};
	objectVersion = 56;
	objects = {

/* Begin PBXBuildFile section */
		9C1361782A1571A80036589D /* AppDelegate.swift in Sources */ = {isa = PBXBuildFile; fileRef = 9C1361772A1571A80036589D /* AppDelegate.swift */; };
		9C13617A2A1571A80036589D /* SceneDelegate.swift in Sources */ = {isa = PBXBuildFile; fileRef = 9C1361792A1571A80036589D /* SceneDelegate.swift */; };
		9C13617C2A1571A80036589D /* ViewController.swift in Sources */ = {isa = PBXBuildFile; fileRef = 9C13617B2A1571A80036589D /* ViewController.swift */; };
		9C13617F2A1571A80036589D /* Main.storyboard in Resources */ = {isa = PBXBuildFile; fileRef = 9C13617D2A1571A80036589D /* Main.storyboard */; };
		9C1361812A1571AA0036589D /* Assets.xcassets in Resources */ = {isa = PBXBuildFile; fileRef = 9C1361802A1571AA0036589D /* Assets.xcassets */; };
		9C1361842A1571AA0036589D /* LaunchScreen.storyboard in Resources */ = {isa = PBXBuildFile; fileRef = 9C1361822A1571AA0036589D /* LaunchScreen.storyboard */; };
		9C1361932A158DB20036589D /* HomeFeedViewController.swift in Sources */ = {isa = PBXBuildFile; fileRef = 9C1361922A158DB20036589D /* HomeFeedViewController.swift */; };
		9C1361972A158ED50036589D /* VideosTableViewCell.swift in Sources */ = {isa = PBXBuildFile; fileRef = 9C1361952A158ED50036589D /* VideosTableViewCell.swift */; };
		9C1361982A158ED50036589D /* VideosTableViewCell.xib in Resources */ = {isa = PBXBuildFile; fileRef = 9C1361962A158ED50036589D /* VideosTableViewCell.xib */; };
		9C979BD02A19710A00FF5F18 /* NetworkManager.swift in Sources */ = {isa = PBXBuildFile; fileRef = 9C979BCF2A19710A00FF5F18 /* NetworkManager.swift */; };
		9C979BD32A19715100FF5F18 /* VideosModel.swift in Sources */ = {isa = PBXBuildFile; fileRef = 9C979BD22A19715100FF5F18 /* VideosModel.swift */; };
		9C979BD72A19F5B700FF5F18 /* TotalData.swift in Sources */ = {isa = PBXBuildFile; fileRef = 9C979BD62A19F5B700FF5F18 /* TotalData.swift */; };
		9C979BD92A1ADF6800FF5F18 /* APIRes.json in Resources */ = {isa = PBXBuildFile; fileRef = 9C979BD82A1ADF6800FF5F18 /* APIRes.json */; };
		9C979BDC2A1B804D00FF5F18 /* UserData.swift in Sources */ = {isa = PBXBuildFile; fileRef = 9C979BDB2A1B804D00FF5F18 /* UserData.swift */; };
		9C979BE22A1C8DCF00FF5F18 /* LibraryViewController.swift in Sources */ = {isa = PBXBuildFile; fileRef = 9C979BE12A1C8DCF00FF5F18 /* LibraryViewController.swift */; };
		9C979BE42A1D7BC800FF5F18 /* DiscoverTableViewCell.swift in Sources */ = {isa = PBXBuildFile; fileRef = 9C979BE32A1D7BC800FF5F18 /* DiscoverTableViewCell.swift */; };
		9C979BE62A1D80AA00FF5F18 /* HomeVideosUITableView.swift in Sources */ = {isa = PBXBuildFile; fileRef = 9C979BE52A1D80AA00FF5F18 /* HomeVideosUITableView.swift */; };
		9C979BE82A1D81CD00FF5F18 /* DiscoveryData.swift in Sources */ = {isa = PBXBuildFile; fileRef = 9C979BE72A1D81CD00FF5F18 /* DiscoveryData.swift */; };
		9C979BEA2A1E8F7300FF5F18 /* DiscoveryCollectionViewCell.swift in Sources */ = {isa = PBXBuildFile; fileRef = 9C979BE92A1E8F7300FF5F18 /* DiscoveryCollectionViewCell.swift */; };
		9CC652232A1F35EC004BF690 /* ShortsTableViewCell.swift in Sources */ = {isa = PBXBuildFile; fileRef = 9CC652222A1F35EC004BF690 /* ShortsTableViewCell.swift */; };
		9CC652252A1F37A7004BF690 /* ShortsCollectionViewCell.swift in Sources */ = {isa = PBXBuildFile; fileRef = 9CC652242A1F37A7004BF690 /* ShortsCollectionViewCell.swift */; };
		9CC652272A1F3D00004BF690 /* RowFinder.swift in Sources */ = {isa = PBXBuildFile; fileRef = 9CC652262A1F3D00004BF690 /* RowFinder.swift */; };
		9CEE7F842A16552C00654376 /* VideoPlayViewController.swift in Sources */ = {isa = PBXBuildFile; fileRef = 9CEE7F832A16552C00654376 /* VideoPlayViewController.swift */; };
/* End PBXBuildFile section */

/* Begin PBXFileReference section */
		9C1361742A1571A80036589D /* mytube.app */ = {isa = PBXFileReference; explicitFileType = wrapper.application; includeInIndex = 0; path = mytube.app; sourceTree = BUILT_PRODUCTS_DIR; };
		9C1361772A1571A80036589D /* AppDelegate.swift */ = {isa = PBXFileReference; lastKnownFileType = sourcecode.swift; path = AppDelegate.swift; sourceTree = "<group>"; };
		9C1361792A1571A80036589D /* SceneDelegate.swift */ = {isa = PBXFileReference; lastKnownFileType = sourcecode.swift; path = SceneDelegate.swift; sourceTree = "<group>"; };
		9C13617B2A1571A80036589D /* ViewController.swift */ = {isa = PBXFileReference; lastKnownFileType = sourcecode.swift; path = ViewController.swift; sourceTree = "<group>"; };
		9C13617E2A1571A80036589D /* Base */ = {isa = PBXFileReference; lastKnownFileType = file.storyboard; name = Base; path = Base.lproj/Main.storyboard; sourceTree = "<group>"; };
		9C1361802A1571AA0036589D /* Assets.xcassets */ = {isa = PBXFileReference; lastKnownFileType = folder.assetcatalog; path = Assets.xcassets; sourceTree = "<group>"; };
		9C1361832A1571AA0036589D /* Base */ = {isa = PBXFileReference; lastKnownFileType = file.storyboard; name = Base; path = Base.lproj/LaunchScreen.storyboard; sourceTree = "<group>"; };
		9C1361852A1571AA0036589D /* Info.plist */ = {isa = PBXFileReference; lastKnownFileType = text.plist.xml; path = Info.plist; sourceTree = "<group>"; };
		9C1361922A158DB20036589D /* HomeFeedViewController.swift */ = {isa = PBXFileReference; lastKnownFileType = sourcecode.swift; path = HomeFeedViewController.swift; sourceTree = "<group>"; };
		9C1361952A158ED50036589D /* VideosTableViewCell.swift */ = {isa = PBXFileReference; lastKnownFileType = sourcecode.swift; path = VideosTableViewCell.swift; sourceTree = "<group>"; };
		9C1361962A158ED50036589D /* VideosTableViewCell.xib */ = {isa = PBXFileReference; lastKnownFileType = file.xib; path = VideosTableViewCell.xib; sourceTree = "<group>"; };
		9C979BCF2A19710A00FF5F18 /* NetworkManager.swift */ = {isa = PBXFileReference; lastKnownFileType = sourcecode.swift; path = NetworkManager.swift; sourceTree = "<group>"; };
		9C979BD22A19715100FF5F18 /* VideosModel.swift */ = {isa = PBXFileReference; lastKnownFileType = sourcecode.swift; path = VideosModel.swift; sourceTree = "<group>"; };
		9C979BD62A19F5B700FF5F18 /* TotalData.swift */ = {isa = PBXFileReference; lastKnownFileType = sourcecode.swift; path = TotalData.swift; sourceTree = "<group>"; };
		9C979BD82A1ADF6800FF5F18 /* APIRes.json */ = {isa = PBXFileReference; fileEncoding = 4; lastKnownFileType = text.json; path = APIRes.json; sourceTree = "<group>"; };
		9C979BDB2A1B804D00FF5F18 /* UserData.swift */ = {isa = PBXFileReference; lastKnownFileType = sourcecode.swift; path = UserData.swift; sourceTree = "<group>"; };
		9C979BE12A1C8DCF00FF5F18 /* LibraryViewController.swift */ = {isa = PBXFileReference; lastKnownFileType = sourcecode.swift; path = LibraryViewController.swift; sourceTree = "<group>"; };
		9C979BE32A1D7BC800FF5F18 /* DiscoverTableViewCell.swift */ = {isa = PBXFileReference; lastKnownFileType = sourcecode.swift; path = DiscoverTableViewCell.swift; sourceTree = "<group>"; };
		9C979BE52A1D80AA00FF5F18 /* HomeVideosUITableView.swift */ = {isa = PBXFileReference; lastKnownFileType = sourcecode.swift; path = HomeVideosUITableView.swift; sourceTree = "<group>"; };
		9C979BE72A1D81CD00FF5F18 /* DiscoveryData.swift */ = {isa = PBXFileReference; lastKnownFileType = sourcecode.swift; path = DiscoveryData.swift; sourceTree = "<group>"; };
		9C979BE92A1E8F7300FF5F18 /* DiscoveryCollectionViewCell.swift */ = {isa = PBXFileReference; lastKnownFileType = sourcecode.swift; path = DiscoveryCollectionViewCell.swift; sourceTree = "<group>"; };
		9CC652222A1F35EC004BF690 /* ShortsTableViewCell.swift */ = {isa = PBXFileReference; lastKnownFileType = sourcecode.swift; path = ShortsTableViewCell.swift; sourceTree = "<group>"; };
		9CC652242A1F37A7004BF690 /* ShortsCollectionViewCell.swift */ = {isa = PBXFileReference; lastKnownFileType = sourcecode.swift; path = ShortsCollectionViewCell.swift; sourceTree = "<group>"; };
		9CC652262A1F3D00004BF690 /* RowFinder.swift */ = {isa = PBXFileReference; lastKnownFileType = sourcecode.swift; path = RowFinder.swift; sourceTree = "<group>"; };
		9CEE7F832A16552C00654376 /* VideoPlayViewController.swift */ = {isa = PBXFileReference; lastKnownFileType = sourcecode.swift; path = VideoPlayViewController.swift; sourceTree = "<group>"; };
/* End PBXFileReference section */

/* Begin PBXFrameworksBuildPhase section */
		9C1361712A1571A80036589D /* Frameworks */ = {
			isa = PBXFrameworksBuildPhase;
			buildActionMask = 2147483647;
			files = (
			);
			runOnlyForDeploymentPostprocessing = 0;
		};
/* End PBXFrameworksBuildPhase section */

/* Begin PBXGroup section */
		9C13616B2A1571A80036589D = {
			isa = PBXGroup;
			children = (
				9C1361762A1571A80036589D /* mytube */,
				9C1361752A1571A80036589D /* Products */,
			);
			sourceTree = "<group>";
		};
		9C1361752A1571A80036589D /* Products */ = {
			isa = PBXGroup;
			children = (
				9C1361742A1571A80036589D /* mytube.app */,
			);
			name = Products;
			sourceTree = "<group>";
		};
		9C1361762A1571A80036589D /* mytube */ = {
			isa = PBXGroup;
			children = (
				9C979BDA2A1B802B00FF5F18 /* LocalStorage */,
				9C979BD82A1ADF6800FF5F18 /* APIRes.json */,
				9C979BD62A19F5B700FF5F18 /* TotalData.swift */,
				9C1361772A1571A80036589D /* AppDelegate.swift */,
				9C1361792A1571A80036589D /* SceneDelegate.swift */,
				9C13617B2A1571A80036589D /* ViewController.swift */,
				9C13617D2A1571A80036589D /* Main.storyboard */,
				9C979BD12A19712A00FF5F18 /* Model */,
				9C1361912A158D800036589D /* Screens */,
				9CC652212A1F35AB004BF690 /* shorts feat */,
				9C1361942A158E510036589D /* Utility */,
				9C979BCF2A19710A00FF5F18 /* NetworkManager.swift */,
				9C1361802A1571AA0036589D /* Assets.xcassets */,
				9C1361822A1571AA0036589D /* LaunchScreen.storyboard */,
				9C1361852A1571AA0036589D /* Info.plist */,
			);
			path = mytube;
			sourceTree = "<group>";
		};
		9C1361912A158D800036589D /* Screens */ = {
			isa = PBXGroup;
			children = (
				9C1361922A158DB20036589D /* HomeFeedViewController.swift */,
				9CEE7F832A16552C00654376 /* VideoPlayViewController.swift */,
				9C979BE12A1C8DCF00FF5F18 /* LibraryViewController.swift */,
			);
			path = Screens;
			sourceTree = "<group>";
		};
		9C1361942A158E510036589D /* Utility */ = {
			isa = PBXGroup;
			children = (
				9C1361952A158ED50036589D /* VideosTableViewCell.swift */,
				9C1361962A158ED50036589D /* VideosTableViewCell.xib */,
				9C979BE32A1D7BC800FF5F18 /* DiscoverTableViewCell.swift */,
				9C979BE52A1D80AA00FF5F18 /* HomeVideosUITableView.swift */,
				9C979BE92A1E8F7300FF5F18 /* DiscoveryCollectionViewCell.swift */,
			);
			path = Utility;
			sourceTree = "<group>";
		};
		9C979BD12A19712A00FF5F18 /* Model */ = {
			isa = PBXGroup;
			children = (
				9C979BD22A19715100FF5F18 /* VideosModel.swift */,
				9C979BE72A1D81CD00FF5F18 /* DiscoveryData.swift */,
				9CC652262A1F3D00004BF690 /* RowFinder.swift */,
			);
			path = Model;
			sourceTree = "<group>";
		};
		9C979BDA2A1B802B00FF5F18 /* LocalStorage */ = {
			isa = PBXGroup;
			children = (
				9C979BDB2A1B804D00FF5F18 /* UserData.swift */,
			);
			path = LocalStorage;
			sourceTree = "<group>";
		};
		9CC652212A1F35AB004BF690 /* shorts feat */ = {
			isa = PBXGroup;
			children = (
				9CC652222A1F35EC004BF690 /* ShortsTableViewCell.swift */,
				9CC652242A1F37A7004BF690 /* ShortsCollectionViewCell.swift */,
			);
			path = "shorts feat";
			sourceTree = "<group>";
		};
/* End PBXGroup section */

/* Begin PBXNativeTarget section */
		9C1361732A1571A80036589D /* mytube */ = {
			isa = PBXNativeTarget;
			buildConfigurationList = 9C1361882A1571AA0036589D /* Build configuration list for PBXNativeTarget "mytube" */;
			buildPhases = (
				9C1361702A1571A80036589D /* Sources */,
				9C1361712A1571A80036589D /* Frameworks */,
				9C1361722A1571A80036589D /* Resources */,
			);
			buildRules = (
			);
			dependencies = (
			);
			name = mytube;
			productName = mytube;
			productReference = 9C1361742A1571A80036589D /* mytube.app */;
			productType = "com.apple.product-type.application";
		};
/* End PBXNativeTarget section */

/* Begin PBXProject section */
		9C13616C2A1571A80036589D /* Project object */ = {
			isa = PBXProject;
			attributes = {
				BuildIndependentTargetsInParallel = 1;
				LastSwiftUpdateCheck = 1430;
				LastUpgradeCheck = 1430;
				TargetAttributes = {
					9C1361732A1571A80036589D = {
						CreatedOnToolsVersion = 14.3;
					};
				};
			};
			buildConfigurationList = 9C13616F2A1571A80036589D /* Build configuration list for PBXProject "mytube" */;
			compatibilityVersion = "Xcode 14.0";
			developmentRegion = en;
			hasScannedForEncodings = 0;
			knownRegions = (
				en,
				Base,
			);
			mainGroup = 9C13616B2A1571A80036589D;
			productRefGroup = 9C1361752A1571A80036589D /* Products */;
			projectDirPath = "";
			projectRoot = "";
			targets = (
				9C1361732A1571A80036589D /* mytube */,
			);
		};
/* End PBXProject section */

/* Begin PBXResourcesBuildPhase section */
		9C1361722A1571A80036589D /* Resources */ = {
			isa = PBXResourcesBuildPhase;
			buildActionMask = 2147483647;
			files = (
				9C1361842A1571AA0036589D /* LaunchScreen.storyboard in Resources */,
				9C1361982A158ED50036589D /* VideosTableViewCell.xib in Resources */,
				9C979BD92A1ADF6800FF5F18 /* APIRes.json in Resources */,
				9C1361812A1571AA0036589D /* Assets.xcassets in Resources */,
				9C13617F2A1571A80036589D /* Main.storyboard in Resources */,
			);
			runOnlyForDeploymentPostprocessing = 0;
		};
/* End PBXResourcesBuildPhase section */

/* Begin PBXSourcesBuildPhase section */
		9C1361702A1571A80036589D /* Sources */ = {
			isa = PBXSourcesBuildPhase;
			buildActionMask = 2147483647;
			files = (
				9C979BD02A19710A00FF5F18 /* NetworkManager.swift in Sources */,
				9C979BE22A1C8DCF00FF5F18 /* LibraryViewController.swift in Sources */,
				9C979BD72A19F5B700FF5F18 /* TotalData.swift in Sources */,
				9C979BD32A19715100FF5F18 /* VideosModel.swift in Sources */,
				9CEE7F842A16552C00654376 /* VideoPlayViewController.swift in Sources */,
				9C1361972A158ED50036589D /* VideosTableViewCell.swift in Sources */,
				9CC652252A1F37A7004BF690 /* ShortsCollectionViewCell.swift in Sources */,
				9C979BE62A1D80AA00FF5F18 /* HomeVideosUITableView.swift in Sources */,
				9C13617C2A1571A80036589D /* ViewController.swift in Sources */,
				9C1361782A1571A80036589D /* AppDelegate.swift in Sources */,
				9C979BE42A1D7BC800FF5F18 /* DiscoverTableViewCell.swift in Sources */,
				9CC652232A1F35EC004BF690 /* ShortsTableViewCell.swift in Sources */,
				9CC652272A1F3D00004BF690 /* RowFinder.swift in Sources */,
				9C979BE82A1D81CD00FF5F18 /* DiscoveryData.swift in Sources */,
				9C13617A2A1571A80036589D /* SceneDelegate.swift in Sources */,
				9C979BDC2A1B804D00FF5F18 /* UserData.swift in Sources */,
				9C1361932A158DB20036589D /* HomeFeedViewController.swift in Sources */,
				9C979BEA2A1E8F7300FF5F18 /* DiscoveryCollectionViewCell.swift in Sources */,
			);
			runOnlyForDeploymentPostprocessing = 0;
		};
/* End PBXSourcesBuildPhase section */

/* Begin PBXVariantGroup section */
		9C13617D2A1571A80036589D /* Main.storyboard */ = {
			isa = PBXVariantGroup;
			children = (
				9C13617E2A1571A80036589D /* Base */,
			);
			name = Main.storyboard;
			sourceTree = "<group>";
		};
		9C1361822A1571AA0036589D /* LaunchScreen.storyboard */ = {
			isa = PBXVariantGroup;
			children = (
				9C1361832A1571AA0036589D /* Base */,
			);
			name = LaunchScreen.storyboard;
			sourceTree = "<group>";
		};
/* End PBXVariantGroup section */

/* Begin XCBuildConfiguration section */
		9C1361862A1571AA0036589D /* Debug */ = {
			isa = XCBuildConfiguration;
			buildSettings = {
				ALWAYS_SEARCH_USER_PATHS = NO;
				CLANG_ANALYZER_NONNULL = YES;
				CLANG_ANALYZER_NUMBER_OBJECT_CONVERSION = YES_AGGRESSIVE;
				CLANG_CXX_LANGUAGE_STANDARD = "gnu++20";
				CLANG_ENABLE_MODULES = YES;
				CLANG_ENABLE_OBJC_ARC = YES;
				CLANG_ENABLE_OBJC_WEAK = YES;
				CLANG_WARN_BLOCK_CAPTURE_AUTORELEASING = YES;
				CLANG_WARN_BOOL_CONVERSION = YES;
				CLANG_WARN_COMMA = YES;
				CLANG_WARN_CONSTANT_CONVERSION = YES;
				CLANG_WARN_DEPRECATED_OBJC_IMPLEMENTATIONS = YES;
				CLANG_WARN_DIRECT_OBJC_ISA_USAGE = YES_ERROR;
				CLANG_WARN_DOCUMENTATION_COMMENTS = YES;
				CLANG_WARN_EMPTY_BODY = YES;
				CLANG_WARN_ENUM_CONVERSION = YES;
				CLANG_WARN_INFINITE_RECURSION = YES;
				CLANG_WARN_INT_CONVERSION = YES;
				CLANG_WARN_NON_LITERAL_NULL_CONVERSION = YES;
				CLANG_WARN_OBJC_IMPLICIT_RETAIN_SELF = YES;
				CLANG_WARN_OBJC_LITERAL_CONVERSION = YES;
				CLANG_WARN_OBJC_ROOT_CLASS = YES_ERROR;
				CLANG_WARN_QUOTED_INCLUDE_IN_FRAMEWORK_HEADER = YES;
				CLANG_WARN_RANGE_LOOP_ANALYSIS = YES;
				CLANG_WARN_STRICT_PROTOTYPES = YES;
				CLANG_WARN_SUSPICIOUS_MOVE = YES;
				CLANG_WARN_UNGUARDED_AVAILABILITY = YES_AGGRESSIVE;
				CLANG_WARN_UNREACHABLE_CODE = YES;
				CLANG_WARN__DUPLICATE_METHOD_MATCH = YES;
				COPY_PHASE_STRIP = NO;
				DEBUG_INFORMATION_FORMAT = dwarf;
				ENABLE_STRICT_OBJC_MSGSEND = YES;
				ENABLE_TESTABILITY = YES;
				GCC_C_LANGUAGE_STANDARD = gnu11;
				GCC_DYNAMIC_NO_PIC = NO;
				GCC_NO_COMMON_BLOCKS = YES;
				GCC_OPTIMIZATION_LEVEL = 0;
				GCC_PREPROCESSOR_DEFINITIONS = (
					"DEBUG=1",
					"$(inherited)",
				);
				GCC_WARN_64_TO_32_BIT_CONVERSION = YES;
				GCC_WARN_ABOUT_RETURN_TYPE = YES_ERROR;
				GCC_WARN_UNDECLARED_SELECTOR = YES;
				GCC_WARN_UNINITIALIZED_AUTOS = YES_AGGRESSIVE;
				GCC_WARN_UNUSED_FUNCTION = YES;
				GCC_WARN_UNUSED_VARIABLE = YES;
				IPHONEOS_DEPLOYMENT_TARGET = 16.4;
				MTL_ENABLE_DEBUG_INFO = INCLUDE_SOURCE;
				MTL_FAST_MATH = YES;
				ONLY_ACTIVE_ARCH = YES;
				SDKROOT = iphoneos;
				SWIFT_ACTIVE_COMPILATION_CONDITIONS = DEBUG;
				SWIFT_OPTIMIZATION_LEVEL = "-Onone";
			};
			name = Debug;
		};
		9C1361872A1571AA0036589D /* Release */ = {
			isa = XCBuildConfiguration;
			buildSettings = {
				ALWAYS_SEARCH_USER_PATHS = NO;
				CLANG_ANALYZER_NONNULL = YES;
				CLANG_ANALYZER_NUMBER_OBJECT_CONVERSION = YES_AGGRESSIVE;
				CLANG_CXX_LANGUAGE_STANDARD = "gnu++20";
				CLANG_ENABLE_MODULES = YES;
				CLANG_ENABLE_OBJC_ARC = YES;
				CLANG_ENABLE_OBJC_WEAK = YES;
				CLANG_WARN_BLOCK_CAPTURE_AUTORELEASING = YES;
				CLANG_WARN_BOOL_CONVERSION = YES;
				CLANG_WARN_COMMA = YES;
				CLANG_WARN_CONSTANT_CONVERSION = YES;
				CLANG_WARN_DEPRECATED_OBJC_IMPLEMENTATIONS = YES;
				CLANG_WARN_DIRECT_OBJC_ISA_USAGE = YES_ERROR;
				CLANG_WARN_DOCUMENTATION_COMMENTS = YES;
				CLANG_WARN_EMPTY_BODY = YES;
				CLANG_WARN_ENUM_CONVERSION = YES;
				CLANG_WARN_INFINITE_RECURSION = YES;
				CLANG_WARN_INT_CONVERSION = YES;
				CLANG_WARN_NON_LITERAL_NULL_CONVERSION = YES;
				CLANG_WARN_OBJC_IMPLICIT_RETAIN_SELF = YES;
				CLANG_WARN_OBJC_LITERAL_CONVERSION = YES;
				CLANG_WARN_OBJC_ROOT_CLASS = YES_ERROR;
				CLANG_WARN_QUOTED_INCLUDE_IN_FRAMEWORK_HEADER = YES;
				CLANG_WARN_RANGE_LOOP_ANALYSIS = YES;
				CLANG_WARN_STRICT_PROTOTYPES = YES;
				CLANG_WARN_SUSPICIOUS_MOVE = YES;
				CLANG_WARN_UNGUARDED_AVAILABILITY = YES_AGGRESSIVE;
				CLANG_WARN_UNREACHABLE_CODE = YES;
				CLANG_WARN__DUPLICATE_METHOD_MATCH = YES;
				COPY_PHASE_STRIP = NO;
				DEBUG_INFORMATION_FORMAT = "dwarf-with-dsym";
				ENABLE_NS_ASSERTIONS = NO;
				ENABLE_STRICT_OBJC_MSGSEND = YES;
				GCC_C_LANGUAGE_STANDARD = gnu11;
				GCC_NO_COMMON_BLOCKS = YES;
				GCC_WARN_64_TO_32_BIT_CONVERSION = YES;
				GCC_WARN_ABOUT_RETURN_TYPE = YES_ERROR;
				GCC_WARN_UNDECLARED_SELECTOR = YES;
				GCC_WARN_UNINITIALIZED_AUTOS = YES_AGGRESSIVE;
				GCC_WARN_UNUSED_FUNCTION = YES;
				GCC_WARN_UNUSED_VARIABLE = YES;
				IPHONEOS_DEPLOYMENT_TARGET = 16.4;
				MTL_ENABLE_DEBUG_INFO = NO;
				MTL_FAST_MATH = YES;
				SDKROOT = iphoneos;
				SWIFT_COMPILATION_MODE = wholemodule;
				SWIFT_OPTIMIZATION_LEVEL = "-O";
				VALIDATE_PRODUCT = YES;
			};
			name = Release;
		};
		9C1361892A1571AA0036589D /* Debug */ = {
			isa = XCBuildConfiguration;
			buildSettings = {
				ASSETCATALOG_COMPILER_APPICON_NAME = AppIcon;
				ASSETCATALOG_COMPILER_GLOBAL_ACCENT_COLOR_NAME = AccentColor;
				CODE_SIGN_STYLE = Automatic;
				CURRENT_PROJECT_VERSION = 1;
				GENERATE_INFOPLIST_FILE = YES;
				INFOPLIST_FILE = mytube/Info.plist;
				INFOPLIST_KEY_UIApplicationSupportsIndirectInputEvents = YES;
				INFOPLIST_KEY_UILaunchStoryboardName = LaunchScreen;
				INFOPLIST_KEY_UIMainStoryboardFile = Main;
				INFOPLIST_KEY_UISupportedInterfaceOrientations_iPad = "UIInterfaceOrientationPortrait UIInterfaceOrientationPortraitUpsideDown UIInterfaceOrientationLandscapeLeft UIInterfaceOrientationLandscapeRight";
				INFOPLIST_KEY_UISupportedInterfaceOrientations_iPhone = "UIInterfaceOrientationPortrait UIInterfaceOrientationLandscapeLeft UIInterfaceOrientationLandscapeRight";
				LD_RUNPATH_SEARCH_PATHS = (
					"$(inherited)",
					"@executable_path/Frameworks",
				);
				MARKETING_VERSION = 1.0;
				PRODUCT_BUNDLE_IDENTIFIER = internLab.mytube;
				PRODUCT_NAME = "$(TARGET_NAME)";
				SWIFT_EMIT_LOC_STRINGS = YES;
				SWIFT_VERSION = 5.0;
				TARGETED_DEVICE_FAMILY = "1,2";
			};
			name = Debug;
		};
		9C13618A2A1571AA0036589D /* Release */ = {
			isa = XCBuildConfiguration;
			buildSettings = {
				ASSETCATALOG_COMPILER_APPICON_NAME = AppIcon;
				ASSETCATALOG_COMPILER_GLOBAL_ACCENT_COLOR_NAME = AccentColor;
				CODE_SIGN_STYLE = Automatic;
				CURRENT_PROJECT_VERSION = 1;
				GENERATE_INFOPLIST_FILE = YES;
				INFOPLIST_FILE = mytube/Info.plist;
				INFOPLIST_KEY_UIApplicationSupportsIndirectInputEvents = YES;
				INFOPLIST_KEY_UILaunchStoryboardName = LaunchScreen;
				INFOPLIST_KEY_UIMainStoryboardFile = Main;
				INFOPLIST_KEY_UISupportedInterfaceOrientations_iPad = "UIInterfaceOrientationPortrait UIInterfaceOrientationPortraitUpsideDown UIInterfaceOrientationLandscapeLeft UIInterfaceOrientationLandscapeRight";
				INFOPLIST_KEY_UISupportedInterfaceOrientations_iPhone = "UIInterfaceOrientationPortrait UIInterfaceOrientationLandscapeLeft UIInterfaceOrientationLandscapeRight";
				LD_RUNPATH_SEARCH_PATHS = (
					"$(inherited)",
					"@executable_path/Frameworks",
				);
				MARKETING_VERSION = 1.0;
				PRODUCT_BUNDLE_IDENTIFIER = internLab.mytube;
				PRODUCT_NAME = "$(TARGET_NAME)";
				SWIFT_EMIT_LOC_STRINGS = YES;
				SWIFT_VERSION = 5.0;
				TARGETED_DEVICE_FAMILY = "1,2";
			};
			name = Release;
		};
/* End XCBuildConfiguration section */

/* Begin XCConfigurationList section */
		9C13616F2A1571A80036589D /* Build configuration list for PBXProject "mytube" */ = {
			isa = XCConfigurationList;
			buildConfigurations = (
				9C1361862A1571AA0036589D /* Debug */,
				9C1361872A1571AA0036589D /* Release */,
			);
			defaultConfigurationIsVisible = 0;
			defaultConfigurationName = Release;
		};
		9C1361882A1571AA0036589D /* Build configuration list for PBXNativeTarget "mytube" */ = {
			isa = XCConfigurationList;
			buildConfigurations = (
				9C1361892A1571AA0036589D /* Debug */,
				9C13618A2A1571AA0036589D /* Release */,
			);
			defaultConfigurationIsVisible = 0;
			defaultConfigurationName = Release;
		};
/* End XCConfigurationList section */
	};
	rootObject = 9C13616C2A1571A80036589D /* Project object */;
}
